
Microsoft Visual Studio Solution File, Format Version 12.00
# Visual Studio Version 17
VisualStudioVersion = 17.4.33205.214
MinimumVisualStudioVersion = 10.0.40219.1
Project("{FAE04EC0-301F-11D3-BF4B-00C04F79EFBC}") = "BookManagement.API", "BookManagement.API\BookManagement.API.csproj", "{C906C4AA-0130-40FB-96E9-E3AFDE966A76}"
EndProject
Project("{FAE04EC0-301F-11D3-BF4B-00C04F79EFBC}") = "BookManagement.Infrastructure", "BookManagement.Infrastructure\BookManagement.Infrastructure.csproj", "{613A7C1C-8549-4E40-A8FF-D21984F4FA2E}"
EndProject
Project("{FAE04EC0-301F-11D3-BF4B-00C04F79EFBC}") = "BookManagement.Webapp", "BookManagement.Webapp\BookManagement.Webapp.csproj", "{1ECEDB34-C6A1-435B-88C2-5C2895427695}"
EndProject
Global
	GlobalSection(SolutionConfigurationPlatforms) = preSolution
		Debug|Any CPU = Debug|Any CPU
		Release|Any CPU = Release|Any CPU
	EndGlobalSection
	GlobalSection(ProjectConfigurationPlatforms) = postSolution
		{C906C4AA-0130-40FB-96E9-E3AFDE966A76}.Debug|Any CPU.ActiveCfg = Debug|Any CPU
		{C906C4AA-0130-40FB-96E9-E3AFDE966A76}.Debug|Any CPU.Build.0 = Debug|Any CPU
		{C906C4AA-0130-40FB-96E9-E3AFDE966A76}.Release|Any CPU.ActiveCfg = Release|Any CPU
		{C906C4AA-0130-40FB-96E9-E3AFDE966A76}.Release|Any CPU.Build.0 = Release|Any CPU
		{613A7C1C-8549-4E40-A8FF-D21984F4FA2E}.Debug|Any CPU.ActiveCfg = Debug|Any CPU
		{613A7C1C-8549-4E40-A8FF-D21984F4FA2E}.Debug|Any CPU.Build.0 = Debug|Any CPU
		{613A7C1C-8549-4E40-A8FF-D21984F4FA2E}.Release|Any CPU.ActiveCfg = Release|Any CPU
		{613A7C1C-8549-4E40-A8FF-D21984F4FA2E}.Release|Any CPU.Build.0 = Release|Any CPU
		{1ECEDB34-C6A1-435B-88C2-5C2895427695}.Debug|Any CPU.ActiveCfg = Debug|Any CPU
		{1ECEDB34-C6A1-435B-88C2-5C2895427695}.Debug|Any CPU.Build.0 = Debug|Any CPU
		{1ECEDB34-C6A1-435B-88C2-5C2895427695}.Release|Any CPU.ActiveCfg = Release|Any CPU
		{1ECEDB34-C6A1-435B-88C2-5C2895427695}.Release|Any CPU.Build.0 = Release|Any CPU
	EndGlobalSection
	GlobalSection(SolutionProperties) = preSolution
		HideSolutionNode = FALSE
	EndGlobalSection
	GlobalSection(ExtensibilityGlobals) = postSolution
		SolutionGuid = {C9A0AE93-530E-48D0-9B1E-F8871B6F1B44}
	EndGlobalSection
EndGlobal
